{
    "_readme": [
        "This file locks the dependencies of your project to a known state",
        "Read more about it at https://getcomposer.org/doc/01-basic-usage.md#installing-dependencies",
        "This file is @generated automatically"
    ],
    "content-hash": "fdebbc7baf1721b24a6cdbfd6204e7ec",
    "packages": [
        {
            "name": "fzaninotto/faker",
            "version": "v1.9.2",
            "source": {
                "type": "git",
                "url": "https://github.com/fzaninotto/Faker.git",
                "reference": "848d8125239d7dbf8ab25cb7f054f1a630e68c2e"
            },
            "dist": {
                "type": "zip",
                "url": "https://api.github.com/repos/fzaninotto/Faker/zipball/848d8125239d7dbf8ab25cb7f054f1a630e68c2e",
                "reference": "848d8125239d7dbf8ab25cb7f054f1a630e68c2e",
                "shasum": ""
            },
            "require": {
                "php": "^5.3.3 || ^7.0"
            },
            "require-dev": {
                "ext-intl": "*",
                "phpunit/phpunit": "^4.8.35 || ^5.7",
                "squizlabs/php_codesniffer": "^2.9.2"
            },
            "type": "library",
            "extra": {
                "branch-alias": {
                    "dev-master": "1.9-dev"
                }
            },
            "autoload": {
                "psr-4": {
                    "Faker\\": "src/Faker/"
                }
            },
            "notification-url": "https://packagist.org/downloads/",
            "license": [
                "MIT"
            ],
            "authors": [
                {
                    "name": "François Zaninotto"
                }
            ],
            "description": "Faker is a PHP library that generates fake data for you.",
            "keywords": [
                "data",
                "faker",
                "fixtures"
            ],
            "support": {
                "issues": "https://github.com/fzaninotto/Faker/issues",
                "source": "https://github.com/fzaninotto/Faker/tree/v1.9.2"
            },
            "abandoned": true,
            "time": "2020-12-11T09:56:16+00:00"
        },
        {
            "name": "stefangabos/zebra_pagination",
            "version": "dev-master",
            "source": {
                "type": "git",
                "url": "https://github.com/stefangabos/Zebra_Pagination.git",
                "reference": "d54dd9fa5f4fd63e00cd7996837468e0508f9546"
            },
            "dist": {
                "type": "zip",
                "url": "https://api.github.com/repos/stefangabos/Zebra_Pagination/zipball/d54dd9fa5f4fd63e00cd7996837468e0508f9546",
                "reference": "d54dd9fa5f4fd63e00cd7996837468e0508f9546",
                "shasum": ""
            },
            "require": {
                "php": ">=5"
            },
            "default-branch": true,
            "type": "library",
            "autoload": {
                "classmap": [
                    "Zebra_Pagination.php"
                ]
            },
            "notification-url": "https://packagist.org/downloads/",
            "license": [
                "LGPL-3.0"
            ],
            "authors": [
                {
                    "name": "Stefan Gabos",
                    "email": "contact@stefangabos.ro",
                    "homepage": "https://github.com/stefangabos",
                    "role": "Developer"
                }
            ],
            "description": "A generic, Twitter Bootsrap compatible, PHP pagination library that automatically generates navigation links",
            "homepage": "https://github.com/stefangabos/Zebra_Pagination",
            "keywords": [
                "paginate",
                "pagination",
                "paginator",
                "paging",
                "php"
            ],
            "support": {
                "issues": "https://github.com/stefangabos/Zebra_Pagination/issues",
                "source": "https://github.com/stefangabos/Zebra_Pagination/tree/master"
            },
            "time": "2020-07-30T10:54:46+00:00"
        }
    ],
    "packages-dev": [],
    "aliases": [],
    "minimum-stability": "stable",
    "stability-flags": {
        "stefangabos/zebra_pagination": 20
    },
    "prefer-stable": false,
    "prefer-lowest": false,
    "platform": [],
    "platform-dev": [],
    "plugin-api-version": "2.0.0"
}
